
Microsoft Visual Studio Solution File, Format Version 12.00
# Visual Studio Version 17
VisualStudioVersion = 17.4.32912.340
MinimumVisualStudioVersion = 10.0.40219.1
Project("{9A19103F-16F7-4668-BE54-9A1E7A4F7556}") = "MauiAbsoluteCollection", "MauiAbsoluteCollection\MauiAbsoluteCollection.csproj", "{419DFB45-6426-4C43-8F6C-700B38175839}"
EndProject
Project("{9A19103F-16F7-4668-BE54-9A1E7A4F7556}") = "MauiCommandAssign", "MauiCommandAssign\MauiCommandAssign.csproj", "{D7BC7A31-055F-463C-A367-629255999510}"
EndProject
Project("{9A19103F-16F7-4668-BE54-9A1E7A4F7556}") = "NavItem", "NavItem\NavItem.csproj", "{C0BF877F-7D2F-4395-814C-5F3ADCE1EF99}"
EndProject
Project("{9A19103F-16F7-4668-BE54-9A1E7A4F7556}") = "MauiTabbedDI", "MauiTabbedDI\MauiTabbedDI.csproj", "{60A9C2B1-38CE-44D8-BFB6-BB7E83C57D04}"
EndProject
Project("{9A19103F-16F7-4668-BE54-9A1E7A4F7556}") = "MauiRadioTemplate", "MauiRadioTemplate\MauiRadioTemplate.csproj", "{EB5F0E35-02BB-47CA-B84A-30C1B10735D8}"
EndProject
Project("{9A19103F-16F7-4668-BE54-9A1E7A4F7556}") = "TransBinding", "TransBinding\TransBinding.csproj", "{F6B06E54-89B6-44BC-B0D6-9C2C81249DF3}"
EndProject
Project("{9A19103F-16F7-4668-BE54-9A1E7A4F7556}") = "SelectedItemTwoWay", "SelectedItemTwoWay\SelectedItemTwoWay.csproj", "{8B450328-702F-46F7-BA0E-EC1267C50593}"
EndProject
Project("{9A19103F-16F7-4668-BE54-9A1E7A4F7556}") = "Swipe", "Swipe\Swipe.csproj", "{02ED7113-0129-47B0-8003-356D73EABC79}"
EndProject
Project("{9A19103F-16F7-4668-BE54-9A1E7A4F7556}") = "PickerItem", "PickerItem\PickerItem.csproj", "{3F09EAA8-82E8-4A22-BBA9-4F53D5B327AC}"
EndProject
Project("{9A19103F-16F7-4668-BE54-9A1E7A4F7556}") = "StatusPage", "StatusPage\StatusPage.csproj", "{9F286041-1B99-434F-84FB-788CE68FEF6A}"
EndProject
Project("{9A19103F-16F7-4668-BE54-9A1E7A4F7556}") = "Modal", "Modal\Modal.csproj", "{DB442979-AF17-41D9-93DE-6B3902439483}"
EndProject
Project("{9A19103F-16F7-4668-BE54-9A1E7A4F7556}") = "EntriesAndKeyboards", "EntriesAndKeyboards\EntriesAndKeyboards.csproj", "{2F1D06E4-2536-4665-9A52-235E92F865F7}"
EndProject
Global
	GlobalSection(SolutionConfigurationPlatforms) = preSolution
		Debug|Any CPU = Debug|Any CPU
		Debug|x64 = Debug|x64
		Debug|x86 = Debug|x86
		Release|Any CPU = Release|Any CPU
		Release|x64 = Release|x64
		Release|x86 = Release|x86
	EndGlobalSection
	GlobalSection(ProjectConfigurationPlatforms) = postSolution
		{419DFB45-6426-4C43-8F6C-700B38175839}.Debug|Any CPU.ActiveCfg = Debug|Any CPU
		{419DFB45-6426-4C43-8F6C-700B38175839}.Debug|Any CPU.Build.0 = Debug|Any CPU
		{419DFB45-6426-4C43-8F6C-700B38175839}.Debug|Any CPU.Deploy.0 = Debug|Any CPU
		{419DFB45-6426-4C43-8F6C-700B38175839}.Debug|x64.ActiveCfg = Debug|x64
		{419DFB45-6426-4C43-8F6C-700B38175839}.Debug|x64.Build.0 = Debug|x64
		{419DFB45-6426-4C43-8F6C-700B38175839}.Debug|x64.Deploy.0 = Debug|x64
		{419DFB45-6426-4C43-8F6C-700B38175839}.Debug|x86.ActiveCfg = Debug|x86
		{419DFB45-6426-4C43-8F6C-700B38175839}.Debug|x86.Build.0 = Debug|x86
		{419DFB45-6426-4C43-8F6C-700B38175839}.Debug|x86.Deploy.0 = Debug|x86
		{419DFB45-6426-4C43-8F6C-700B38175839}.Release|Any CPU.ActiveCfg = Release|Any CPU
		{419DFB45-6426-4C43-8F6C-700B38175839}.Release|Any CPU.Build.0 = Release|Any CPU
		{419DFB45-6426-4C43-8F6C-700B38175839}.Release|Any CPU.Deploy.0 = Release|Any CPU
		{419DFB45-6426-4C43-8F6C-700B38175839}.Release|x64.ActiveCfg = Release|x64
		{419DFB45-6426-4C43-8F6C-700B38175839}.Release|x64.Build.0 = Release|x64
		{419DFB45-6426-4C43-8F6C-700B38175839}.Release|x64.Deploy.0 = Release|x64
		{419DFB45-6426-4C43-8F6C-700B38175839}.Release|x86.ActiveCfg = Release|x86
		{419DFB45-6426-4C43-8F6C-700B38175839}.Release|x86.Build.0 = Release|x86
		{419DFB45-6426-4C43-8F6C-700B38175839}.Release|x86.Deploy.0 = Release|x86
		{D7BC7A31-055F-463C-A367-629255999510}.Debug|Any CPU.ActiveCfg = Debug|Any CPU
		{D7BC7A31-055F-463C-A367-629255999510}.Debug|Any CPU.Build.0 = Debug|Any CPU
		{D7BC7A31-055F-463C-A367-629255999510}.Debug|Any CPU.Deploy.0 = Debug|Any CPU
		{D7BC7A31-055F-463C-A367-629255999510}.Debug|x64.ActiveCfg = Debug|x64
		{D7BC7A31-055F-463C-A367-629255999510}.Debug|x64.Build.0 = Debug|x64
		{D7BC7A31-055F-463C-A367-629255999510}.Debug|x64.Deploy.0 = Debug|x64
		{D7BC7A31-055F-463C-A367-629255999510}.Debug|x86.ActiveCfg = Debug|x86
		{D7BC7A31-055F-463C-A367-629255999510}.Debug|x86.Build.0 = Debug|x86
		{D7BC7A31-055F-463C-A367-629255999510}.Debug|x86.Deploy.0 = Debug|x86
		{D7BC7A31-055F-463C-A367-629255999510}.Release|Any CPU.ActiveCfg = Release|Any CPU
		{D7BC7A31-055F-463C-A367-629255999510}.Release|Any CPU.Build.0 = Release|Any CPU
		{D7BC7A31-055F-463C-A367-629255999510}.Release|Any CPU.Deploy.0 = Release|Any CPU
		{D7BC7A31-055F-463C-A367-629255999510}.Release|x64.ActiveCfg = Release|x64
		{D7BC7A31-055F-463C-A367-629255999510}.Release|x64.Build.0 = Release|x64
		{D7BC7A31-055F-463C-A367-629255999510}.Release|x64.Deploy.0 = Release|x64
		{D7BC7A31-055F-463C-A367-629255999510}.Release|x86.ActiveCfg = Release|x86
		{D7BC7A31-055F-463C-A367-629255999510}.Release|x86.Build.0 = Release|x86
		{D7BC7A31-055F-463C-A367-629255999510}.Release|x86.Deploy.0 = Release|x86
		{C0BF877F-7D2F-4395-814C-5F3ADCE1EF99}.Debug|Any CPU.ActiveCfg = Debug|Any CPU
		{C0BF877F-7D2F-4395-814C-5F3ADCE1EF99}.Debug|Any CPU.Build.0 = Debug|Any CPU
		{C0BF877F-7D2F-4395-814C-5F3ADCE1EF99}.Debug|Any CPU.Deploy.0 = Debug|Any CPU
		{C0BF877F-7D2F-4395-814C-5F3ADCE1EF99}.Debug|x64.ActiveCfg = Debug|x64
		{C0BF877F-7D2F-4395-814C-5F3ADCE1EF99}.Debug|x64.Build.0 = Debug|x64
		{C0BF877F-7D2F-4395-814C-5F3ADCE1EF99}.Debug|x64.Deploy.0 = Debug|x64
		{C0BF877F-7D2F-4395-814C-5F3ADCE1EF99}.Debug|x86.ActiveCfg = Debug|x86
		{C0BF877F-7D2F-4395-814C-5F3ADCE1EF99}.Debug|x86.Build.0 = Debug|x86
		{C0BF877F-7D2F-4395-814C-5F3ADCE1EF99}.Debug|x86.Deploy.0 = Debug|x86
		{C0BF877F-7D2F-4395-814C-5F3ADCE1EF99}.Release|Any CPU.ActiveCfg = Release|Any CPU
		{C0BF877F-7D2F-4395-814C-5F3ADCE1EF99}.Release|Any CPU.Build.0 = Release|Any CPU
		{C0BF877F-7D2F-4395-814C-5F3ADCE1EF99}.Release|Any CPU.Deploy.0 = Release|Any CPU
		{C0BF877F-7D2F-4395-814C-5F3ADCE1EF99}.Release|x64.ActiveCfg = Release|x64
		{C0BF877F-7D2F-4395-814C-5F3ADCE1EF99}.Release|x64.Build.0 = Release|x64
		{C0BF877F-7D2F-4395-814C-5F3ADCE1EF99}.Release|x64.Deploy.0 = Release|x64
		{C0BF877F-7D2F-4395-814C-5F3ADCE1EF99}.Release|x86.ActiveCfg = Release|x86
		{C0BF877F-7D2F-4395-814C-5F3ADCE1EF99}.Release|x86.Build.0 = Release|x86
		{C0BF877F-7D2F-4395-814C-5F3ADCE1EF99}.Release|x86.Deploy.0 = Release|x86
		{60A9C2B1-38CE-44D8-BFB6-BB7E83C57D04}.Debug|Any CPU.ActiveCfg = Debug|Any CPU
		{60A9C2B1-38CE-44D8-BFB6-BB7E83C57D04}.Debug|Any CPU.Build.0 = Debug|Any CPU
		{60A9C2B1-38CE-44D8-BFB6-BB7E83C57D04}.Debug|Any CPU.Deploy.0 = Debug|Any CPU
		{60A9C2B1-38CE-44D8-BFB6-BB7E83C57D04}.Debug|x64.ActiveCfg = Debug|x64
		{60A9C2B1-38CE-44D8-BFB6-BB7E83C57D04}.Debug|x64.Build.0 = Debug|x64
		{60A9C2B1-38CE-44D8-BFB6-BB7E83C57D04}.Debug|x64.Deploy.0 = Debug|x64
		{60A9C2B1-38CE-44D8-BFB6-BB7E83C57D04}.Debug|x86.ActiveCfg = Debug|x86
		{60A9C2B1-38CE-44D8-BFB6-BB7E83C57D04}.Debug|x86.Build.0 = Debug|x86
		{60A9C2B1-38CE-44D8-BFB6-BB7E83C57D04}.Debug|x86.Deploy.0 = Debug|x86
		{60A9C2B1-38CE-44D8-BFB6-BB7E83C57D04}.Release|Any CPU.ActiveCfg = Release|Any CPU
		{60A9C2B1-38CE-44D8-BFB6-BB7E83C57D04}.Release|Any CPU.Build.0 = Release|Any CPU
		{60A9C2B1-38CE-44D8-BFB6-BB7E83C57D04}.Release|Any CPU.Deploy.0 = Release|Any CPU
		{60A9C2B1-38CE-44D8-BFB6-BB7E83C57D04}.Release|x64.ActiveCfg = Release|x64
		{60A9C2B1-38CE-44D8-BFB6-BB7E83C57D04}.Release|x64.Build.0 = Release|x64
		{60A9C2B1-38CE-44D8-BFB6-BB7E83C57D04}.Release|x64.Deploy.0 = Release|x64
		{60A9C2B1-38CE-44D8-BFB6-BB7E83C57D04}.Release|x86.ActiveCfg = Release|x86
		{60A9C2B1-38CE-44D8-BFB6-BB7E83C57D04}.Release|x86.Build.0 = Release|x86
		{60A9C2B1-38CE-44D8-BFB6-BB7E83C57D04}.Release|x86.Deploy.0 = Release|x86
		{EB5F0E35-02BB-47CA-B84A-30C1B10735D8}.Debug|Any CPU.ActiveCfg = Debug|Any CPU
		{EB5F0E35-02BB-47CA-B84A-30C1B10735D8}.Debug|Any CPU.Build.0 = Debug|Any CPU
		{EB5F0E35-02BB-47CA-B84A-30C1B10735D8}.Debug|Any CPU.Deploy.0 = Debug|Any CPU
		{EB5F0E35-02BB-47CA-B84A-30C1B10735D8}.Debug|x64.ActiveCfg = Debug|x64
		{EB5F0E35-02BB-47CA-B84A-30C1B10735D8}.Debug|x64.Build.0 = Debug|x64
		{EB5F0E35-02BB-47CA-B84A-30C1B10735D8}.Debug|x64.Deploy.0 = Debug|x64
		{EB5F0E35-02BB-47CA-B84A-30C1B10735D8}.Debug|x86.ActiveCfg = Debug|x86
		{EB5F0E35-02BB-47CA-B84A-30C1B10735D8}.Debug|x86.Build.0 = Debug|x86
		{EB5F0E35-02BB-47CA-B84A-30C1B10735D8}.Debug|x86.Deploy.0 = Debug|x86
		{EB5F0E35-02BB-47CA-B84A-30C1B10735D8}.Release|Any CPU.ActiveCfg = Release|Any CPU
		{EB5F0E35-02BB-47CA-B84A-30C1B10735D8}.Release|Any CPU.Build.0 = Release|Any CPU
		{EB5F0E35-02BB-47CA-B84A-30C1B10735D8}.Release|Any CPU.Deploy.0 = Release|Any CPU
		{EB5F0E35-02BB-47CA-B84A-30C1B10735D8}.Release|x64.ActiveCfg = Release|x64
		{EB5F0E35-02BB-47CA-B84A-30C1B10735D8}.Release|x64.Build.0 = Release|x64
		{EB5F0E35-02BB-47CA-B84A-30C1B10735D8}.Release|x64.Deploy.0 = Release|x64
		{EB5F0E35-02BB-47CA-B84A-30C1B10735D8}.Release|x86.ActiveCfg = Release|x86
		{EB5F0E35-02BB-47CA-B84A-30C1B10735D8}.Release|x86.Build.0 = Release|x86
		{EB5F0E35-02BB-47CA-B84A-30C1B10735D8}.Release|x86.Deploy.0 = Release|x86
		{F6B06E54-89B6-44BC-B0D6-9C2C81249DF3}.Debug|Any CPU.ActiveCfg = Debug|Any CPU
		{F6B06E54-89B6-44BC-B0D6-9C2C81249DF3}.Debug|Any CPU.Build.0 = Debug|Any CPU
		{F6B06E54-89B6-44BC-B0D6-9C2C81249DF3}.Debug|Any CPU.Deploy.0 = Debug|Any CPU
		{F6B06E54-89B6-44BC-B0D6-9C2C81249DF3}.Debug|x64.ActiveCfg = Debug|Any CPU
		{F6B06E54-89B6-44BC-B0D6-9C2C81249DF3}.Debug|x64.Build.0 = Debug|Any CPU
		{F6B06E54-89B6-44BC-B0D6-9C2C81249DF3}.Debug|x64.Deploy.0 = Debug|Any CPU
		{F6B06E54-89B6-44BC-B0D6-9C2C81249DF3}.Debug|x86.ActiveCfg = Debug|Any CPU
		{F6B06E54-89B6-44BC-B0D6-9C2C81249DF3}.Debug|x86.Build.0 = Debug|Any CPU
		{F6B06E54-89B6-44BC-B0D6-9C2C81249DF3}.Debug|x86.Deploy.0 = Debug|Any CPU
		{F6B06E54-89B6-44BC-B0D6-9C2C81249DF3}.Release|Any CPU.ActiveCfg = Release|Any CPU
		{F6B06E54-89B6-44BC-B0D6-9C2C81249DF3}.Release|Any CPU.Build.0 = Release|Any CPU
		{F6B06E54-89B6-44BC-B0D6-9C2C81249DF3}.Release|Any CPU.Deploy.0 = Release|Any CPU
		{F6B06E54-89B6-44BC-B0D6-9C2C81249DF3}.Release|x64.ActiveCfg = Release|Any CPU
		{F6B06E54-89B6-44BC-B0D6-9C2C81249DF3}.Release|x64.Build.0 = Release|Any CPU
		{F6B06E54-89B6-44BC-B0D6-9C2C81249DF3}.Release|x64.Deploy.0 = Release|Any CPU
		{F6B06E54-89B6-44BC-B0D6-9C2C81249DF3}.Release|x86.ActiveCfg = Release|Any CPU
		{F6B06E54-89B6-44BC-B0D6-9C2C81249DF3}.Release|x86.Build.0 = Release|Any CPU
		{F6B06E54-89B6-44BC-B0D6-9C2C81249DF3}.Release|x86.Deploy.0 = Release|Any CPU
		{8B450328-702F-46F7-BA0E-EC1267C50593}.Debug|Any CPU.ActiveCfg = Debug|Any CPU
		{8B450328-702F-46F7-BA0E-EC1267C50593}.Debug|Any CPU.Build.0 = Debug|Any CPU
		{8B450328-702F-46F7-BA0E-EC1267C50593}.Debug|Any CPU.Deploy.0 = Debug|Any CPU
		{8B450328-702F-46F7-BA0E-EC1267C50593}.Debug|x64.ActiveCfg = Debug|Any CPU
		{8B450328-702F-46F7-BA0E-EC1267C50593}.Debug|x64.Build.0 = Debug|Any CPU
		{8B450328-702F-46F7-BA0E-EC1267C50593}.Debug|x64.Deploy.0 = Debug|Any CPU
		{8B450328-702F-46F7-BA0E-EC1267C50593}.Debug|x86.ActiveCfg = Debug|Any CPU
		{8B450328-702F-46F7-BA0E-EC1267C50593}.Debug|x86.Build.0 = Debug|Any CPU
		{8B450328-702F-46F7-BA0E-EC1267C50593}.Debug|x86.Deploy.0 = Debug|Any CPU
		{8B450328-702F-46F7-BA0E-EC1267C50593}.Release|Any CPU.ActiveCfg = Release|Any CPU
		{8B450328-702F-46F7-BA0E-EC1267C50593}.Release|Any CPU.Build.0 = Release|Any CPU
		{8B450328-702F-46F7-BA0E-EC1267C50593}.Release|Any CPU.Deploy.0 = Release|Any CPU
		{8B450328-702F-46F7-BA0E-EC1267C50593}.Release|x64.ActiveCfg = Release|Any CPU
		{8B450328-702F-46F7-BA0E-EC1267C50593}.Release|x64.Build.0 = Release|Any CPU
		{8B450328-702F-46F7-BA0E-EC1267C50593}.Release|x64.Deploy.0 = Release|Any CPU
		{8B450328-702F-46F7-BA0E-EC1267C50593}.Release|x86.ActiveCfg = Release|Any CPU
		{8B450328-702F-46F7-BA0E-EC1267C50593}.Release|x86.Build.0 = Release|Any CPU
		{8B450328-702F-46F7-BA0E-EC1267C50593}.Release|x86.Deploy.0 = Release|Any CPU
		{02ED7113-0129-47B0-8003-356D73EABC79}.Debug|Any CPU.ActiveCfg = Debug|Any CPU
		{02ED7113-0129-47B0-8003-356D73EABC79}.Debug|Any CPU.Build.0 = Debug|Any CPU
		{02ED7113-0129-47B0-8003-356D73EABC79}.Debug|Any CPU.Deploy.0 = Debug|Any CPU
		{02ED7113-0129-47B0-8003-356D73EABC79}.Debug|x64.ActiveCfg = Debug|Any CPU
		{02ED7113-0129-47B0-8003-356D73EABC79}.Debug|x64.Build.0 = Debug|Any CPU
		{02ED7113-0129-47B0-8003-356D73EABC79}.Debug|x64.Deploy.0 = Debug|Any CPU
		{02ED7113-0129-47B0-8003-356D73EABC79}.Debug|x86.ActiveCfg = Debug|Any CPU
		{02ED7113-0129-47B0-8003-356D73EABC79}.Debug|x86.Build.0 = Debug|Any CPU
		{02ED7113-0129-47B0-8003-356D73EABC79}.Debug|x86.Deploy.0 = Debug|Any CPU
		{02ED7113-0129-47B0-8003-356D73EABC79}.Release|Any CPU.ActiveCfg = Release|Any CPU
		{02ED7113-0129-47B0-8003-356D73EABC79}.Release|Any CPU.Build.0 = Release|Any CPU
		{02ED7113-0129-47B0-8003-356D73EABC79}.Release|Any CPU.Deploy.0 = Release|Any CPU
		{02ED7113-0129-47B0-8003-356D73EABC79}.Release|x64.ActiveCfg = Release|Any CPU
		{02ED7113-0129-47B0-8003-356D73EABC79}.Release|x64.Build.0 = Release|Any CPU
		{02ED7113-0129-47B0-8003-356D73EABC79}.Release|x64.Deploy.0 = Release|Any CPU
		{02ED7113-0129-47B0-8003-356D73EABC79}.Release|x86.ActiveCfg = Release|Any CPU
		{02ED7113-0129-47B0-8003-356D73EABC79}.Release|x86.Build.0 = Release|Any CPU
		{02ED7113-0129-47B0-8003-356D73EABC79}.Release|x86.Deploy.0 = Release|Any CPU
		{3F09EAA8-82E8-4A22-BBA9-4F53D5B327AC}.Debug|Any CPU.ActiveCfg = Debug|Any CPU
		{3F09EAA8-82E8-4A22-BBA9-4F53D5B327AC}.Debug|Any CPU.Build.0 = Debug|Any CPU
		{3F09EAA8-82E8-4A22-BBA9-4F53D5B327AC}.Debug|Any CPU.Deploy.0 = Debug|Any CPU
		{3F09EAA8-82E8-4A22-BBA9-4F53D5B327AC}.Debug|x64.ActiveCfg = Debug|Any CPU
		{3F09EAA8-82E8-4A22-BBA9-4F53D5B327AC}.Debug|x64.Build.0 = Debug|Any CPU
		{3F09EAA8-82E8-4A22-BBA9-4F53D5B327AC}.Debug|x64.Deploy.0 = Debug|Any CPU
		{3F09EAA8-82E8-4A22-BBA9-4F53D5B327AC}.Debug|x86.ActiveCfg = Debug|Any CPU
		{3F09EAA8-82E8-4A22-BBA9-4F53D5B327AC}.Debug|x86.Build.0 = Debug|Any CPU
		{3F09EAA8-82E8-4A22-BBA9-4F53D5B327AC}.Debug|x86.Deploy.0 = Debug|Any CPU
		{3F09EAA8-82E8-4A22-BBA9-4F53D5B327AC}.Release|Any CPU.ActiveCfg = Release|Any CPU
		{3F09EAA8-82E8-4A22-BBA9-4F53D5B327AC}.Release|Any CPU.Build.0 = Release|Any CPU
		{3F09EAA8-82E8-4A22-BBA9-4F53D5B327AC}.Release|Any CPU.Deploy.0 = Release|Any CPU
		{3F09EAA8-82E8-4A22-BBA9-4F53D5B327AC}.Release|x64.ActiveCfg = Release|Any CPU
		{3F09EAA8-82E8-4A22-BBA9-4F53D5B327AC}.Release|x64.Build.0 = Release|Any CPU
		{3F09EAA8-82E8-4A22-BBA9-4F53D5B327AC}.Release|x64.Deploy.0 = Release|Any CPU
		{3F09EAA8-82E8-4A22-BBA9-4F53D5B327AC}.Release|x86.ActiveCfg = Release|Any CPU
		{3F09EAA8-82E8-4A22-BBA9-4F53D5B327AC}.Release|x86.Build.0 = Release|Any CPU
		{3F09EAA8-82E8-4A22-BBA9-4F53D5B327AC}.Release|x86.Deploy.0 = Release|Any CPU
		{9F286041-1B99-434F-84FB-788CE68FEF6A}.Debug|Any CPU.ActiveCfg = Debug|Any CPU
		{9F286041-1B99-434F-84FB-788CE68FEF6A}.Debug|Any CPU.Build.0 = Debug|Any CPU
		{9F286041-1B99-434F-84FB-788CE68FEF6A}.Debug|Any CPU.Deploy.0 = Debug|Any CPU
		{9F286041-1B99-434F-84FB-788CE68FEF6A}.Debug|x64.ActiveCfg = Debug|Any CPU
		{9F286041-1B99-434F-84FB-788CE68FEF6A}.Debug|x64.Build.0 = Debug|Any CPU
		{9F286041-1B99-434F-84FB-788CE68FEF6A}.Debug|x64.Deploy.0 = Debug|Any CPU
		{9F286041-1B99-434F-84FB-788CE68FEF6A}.Debug|x86.ActiveCfg = Debug|Any CPU
		{9F286041-1B99-434F-84FB-788CE68FEF6A}.Debug|x86.Build.0 = Debug|Any CPU
		{9F286041-1B99-434F-84FB-788CE68FEF6A}.Debug|x86.Deploy.0 = Debug|Any CPU
		{9F286041-1B99-434F-84FB-788CE68FEF6A}.Release|Any CPU.ActiveCfg = Release|Any CPU
		{9F286041-1B99-434F-84FB-788CE68FEF6A}.Release|Any CPU.Build.0 = Release|Any CPU
		{9F286041-1B99-434F-84FB-788CE68FEF6A}.Release|Any CPU.Deploy.0 = Release|Any CPU
		{9F286041-1B99-434F-84FB-788CE68FEF6A}.Release|x64.ActiveCfg = Release|Any CPU
		{9F286041-1B99-434F-84FB-788CE68FEF6A}.Release|x64.Build.0 = Release|Any CPU
		{9F286041-1B99-434F-84FB-788CE68FEF6A}.Release|x64.Deploy.0 = Release|Any CPU
		{9F286041-1B99-434F-84FB-788CE68FEF6A}.Release|x86.ActiveCfg = Release|Any CPU
		{9F286041-1B99-434F-84FB-788CE68FEF6A}.Release|x86.Build.0 = Release|Any CPU
		{9F286041-1B99-434F-84FB-788CE68FEF6A}.Release|x86.Deploy.0 = Release|Any CPU
		{DB442979-AF17-41D9-93DE-6B3902439483}.Debug|Any CPU.ActiveCfg = Debug|Any CPU
		{DB442979-AF17-41D9-93DE-6B3902439483}.Debug|Any CPU.Build.0 = Debug|Any CPU
		{DB442979-AF17-41D9-93DE-6B3902439483}.Debug|Any CPU.Deploy.0 = Debug|Any CPU
		{DB442979-AF17-41D9-93DE-6B3902439483}.Debug|x64.ActiveCfg = Debug|Any CPU
		{DB442979-AF17-41D9-93DE-6B3902439483}.Debug|x64.Build.0 = Debug|Any CPU
		{DB442979-AF17-41D9-93DE-6B3902439483}.Debug|x64.Deploy.0 = Debug|Any CPU
		{DB442979-AF17-41D9-93DE-6B3902439483}.Debug|x86.ActiveCfg = Debug|Any CPU
		{DB442979-AF17-41D9-93DE-6B3902439483}.Debug|x86.Build.0 = Debug|Any CPU
		{DB442979-AF17-41D9-93DE-6B3902439483}.Debug|x86.Deploy.0 = Debug|Any CPU
		{DB442979-AF17-41D9-93DE-6B3902439483}.Release|Any CPU.ActiveCfg = Release|Any CPU
		{DB442979-AF17-41D9-93DE-6B3902439483}.Release|Any CPU.Build.0 = Release|Any CPU
		{DB442979-AF17-41D9-93DE-6B3902439483}.Release|Any CPU.Deploy.0 = Release|Any CPU
		{DB442979-AF17-41D9-93DE-6B3902439483}.Release|x64.ActiveCfg = Release|Any CPU
		{DB442979-AF17-41D9-93DE-6B3902439483}.Release|x64.Build.0 = Release|Any CPU
		{DB442979-AF17-41D9-93DE-6B3902439483}.Release|x64.Deploy.0 = Release|Any CPU
		{DB442979-AF17-41D9-93DE-6B3902439483}.Release|x86.ActiveCfg = Release|Any CPU
		{DB442979-AF17-41D9-93DE-6B3902439483}.Release|x86.Build.0 = Release|Any CPU
		{DB442979-AF17-41D9-93DE-6B3902439483}.Release|x86.Deploy.0 = Release|Any CPU
		{2F1D06E4-2536-4665-9A52-235E92F865F7}.Debug|Any CPU.ActiveCfg = Debug|Any CPU
		{2F1D06E4-2536-4665-9A52-235E92F865F7}.Debug|Any CPU.Build.0 = Debug|Any CPU
		{2F1D06E4-2536-4665-9A52-235E92F865F7}.Debug|Any CPU.Deploy.0 = Debug|Any CPU
		{2F1D06E4-2536-4665-9A52-235E92F865F7}.Debug|x64.ActiveCfg = Debug|Any CPU
		{2F1D06E4-2536-4665-9A52-235E92F865F7}.Debug|x64.Build.0 = Debug|Any CPU
		{2F1D06E4-2536-4665-9A52-235E92F865F7}.Debug|x64.Deploy.0 = Debug|Any CPU
		{2F1D06E4-2536-4665-9A52-235E92F865F7}.Debug|x86.ActiveCfg = Debug|Any CPU
		{2F1D06E4-2536-4665-9A52-235E92F865F7}.Debug|x86.Build.0 = Debug|Any CPU
		{2F1D06E4-2536-4665-9A52-235E92F865F7}.Debug|x86.Deploy.0 = Debug|Any CPU
		{2F1D06E4-2536-4665-9A52-235E92F865F7}.Release|Any CPU.ActiveCfg = Release|Any CPU
		{2F1D06E4-2536-4665-9A52-235E92F865F7}.Release|Any CPU.Build.0 = Release|Any CPU
		{2F1D06E4-2536-4665-9A52-235E92F865F7}.Release|Any CPU.Deploy.0 = Release|Any CPU
		{2F1D06E4-2536-4665-9A52-235E92F865F7}.Release|x64.ActiveCfg = Release|Any CPU
		{2F1D06E4-2536-4665-9A52-235E92F865F7}.Release|x64.Build.0 = Release|Any CPU
		{2F1D06E4-2536-4665-9A52-235E92F865F7}.Release|x64.Deploy.0 = Release|Any CPU
		{2F1D06E4-2536-4665-9A52-235E92F865F7}.Release|x86.ActiveCfg = Release|Any CPU
		{2F1D06E4-2536-4665-9A52-235E92F865F7}.Release|x86.Build.0 = Release|Any CPU
		{2F1D06E4-2536-4665-9A52-235E92F865F7}.Release|x86.Deploy.0 = Release|Any CPU
	EndGlobalSection
	GlobalSection(SolutionProperties) = preSolution
		HideSolutionNode = FALSE
	EndGlobalSection
	GlobalSection(ExtensibilityGlobals) = postSolution
		SolutionGuid = {E6305B27-A408-47DD-A679-CA0203388F23}
	EndGlobalSection
EndGlobal
